<?xml version="1.0" encoding="utf-8"?>
<Project ToolsVersion="4.0" xmlns="http://schemas.microsoft.com/developer/msbuild/2003">
  <ItemGroup>
    <Filter Include="Source Files">
      <UniqueIdentifier>{4FC737F1-C7A5-4376-A066-2A32D752A2FF}</UniqueIdentifier>
      <Extensions>cpp;c;cc;cxx;def;odl;idl;hpj;bat;asm;asmx</Extensions>
    </Filter>
    <Filter Include="Header Files">
      <UniqueIdentifier>{93995380-89BD-4b04-88EB-625FBE52EBFB}</UniqueIdentifier>
      <Extensions>h;hh;hpp;hxx;hm;inl;inc;xsd</Extensions>
    </Filter>
    <Filter Include="Resource Files">
      <UniqueIdentifier>{67DA6AB6-F800-4c08-8B7A-83BB121AAD01}</UniqueIdentifier>
      <Extensions>rc;ico;cur;bmp;dlg;rc2;rct;bin;rgs;gif;jpg;jpeg;jpe;resx;tiff;tif;png;wav;mfcribbon-ms</Extensions>
    </Filter>
  </ItemGroup>
  <ItemGroup>
    <None Include="PwmLed.ino" />
  </ItemGroup>
  <ItemGroup>
    <ClInclude Include="__vm\.PwmLed.vsarduino.h">
      <Filter>Header Files</Filter>
    </ClInclude>
    <ClInclude Include="Constants.h">
      <Filter>Header Files</Filter>
    </ClInclude>
    <ClInclude Include="ColorProgram.h">
      <Filter>Header Files</Filter>
    </ClInclude>
    <ClInclude Include="ColorProgramStep.h">
      <Filter>Header Files</Filter>
    </ClInclude>
    <ClInclude Include="Command.h">
      <Filter>Header Files</Filter>
    </ClInclude>
    <ClInclude Include="CommandConstants.h">
      <Filter>Header Files</Filter>
    </ClInclude>
    <ClInclude Include="CommandDispatcher.h">
      <Filter>Header Files</Filter>
    </ClInclude>
    <ClInclude Include="CommandResult.h">
      <Filter>Header Files</Filter>
    </ClInclude>
    <ClInclude Include="DataEntityFactory.h">
      <Filter>Header Files</Filter>
    </ClInclude>
    <ClInclude Include="DataEntityFactoryBase.h">
      <Filter>Header Files</Filter>
    </ClInclude>
    <ClInclude Include="DataSerializationHelper.h">
      <Filter>Header Files</Filter>
    </ClInclude>
    <ClInclude Include="DeserializableEntityBase.h">
      <Filter>Header Files</Filter>
    </ClInclude>
    <ClInclude Include="ErrorHandlingHelper.h">
      <Filter>Header Files</Filter>
    </ClInclude>
    <ClInclude Include="SerializableEntityBase.h">
      <Filter>Header Files</Filter>
    </ClInclude>
    <ClInclude Include="SpeedColorProgramSettings.h">
      <Filter>Header Files</Filter>
    </ClInclude>
    <ClInclude Include="SystemInformation.h">
      <Filter>Header Files</Filter>
    </ClInclude>
    <ClInclude Include="EepromHelper.h">
      <Filter>Header Files</Filter>
    </ClInclude>
    <ClInclude Include="EepromProvider.h">
      <Filter>Header Files</Filter>
    </ClInclude>
    <ClInclude Include="DebugHelper.h">
      <Filter>Header Files</Filter>
    </ClInclude>
    <ClInclude Include="DataSizeProvider.h">
      <Filter>Header Files</Filter>
    </ClInclude>
  </ItemGroup>
  <ItemGroup>
    <ClCompile Include="ColorProgram.cpp">
      <Filter>Source Files</Filter>
    </ClCompile>
    <ClCompile Include="ColorProgramStep.cpp">
      <Filter>Source Files</Filter>
    </ClCompile>
    <ClCompile Include="Command.cpp">
      <Filter>Source Files</Filter>
    </ClCompile>
    <ClCompile Include="CommandDispatcher.cpp">
      <Filter>Source Files</Filter>
    </ClCompile>
    <ClCompile Include="CommandResult.cpp">
      <Filter>Source Files</Filter>
    </ClCompile>
    <ClCompile Include="DataEntityFactory.cpp">
      <Filter>Source Files</Filter>
    </ClCompile>
    <ClCompile Include="DataEntityFactoryBase.cpp">
      <Filter>Source Files</Filter>
    </ClCompile>
    <ClCompile Include="DataSerializationHelper.cpp">
      <Filter>Source Files</Filter>
    </ClCompile>
    <ClCompile Include="DeserializableEntityBase.cpp">
      <Filter>Source Files</Filter>
    </ClCompile>
    <ClCompile Include="ErrorHandlingHelper.cpp">
      <Filter>Source Files</Filter>
    </ClCompile>
    <ClCompile Include="SerializableEntityBase.cpp">
      <Filter>Source Files</Filter>
    </ClCompile>
    <ClCompile Include="SpeedColorProgramSettings.cpp">
      <Filter>Source Files</Filter>
    </ClCompile>
    <ClCompile Include="SystemInformation.cpp">
      <Filter>Source Files</Filter>
    </ClCompile>
    <ClCompile Include="EepromHelper.cpp">
      <Filter>Source Files</Filter>
    </ClCompile>
    <ClCompile Include="EepromProvider.cpp">
      <Filter>Source Files</Filter>
    </ClCompile>
    <ClCompile Include="DebugHelper.cpp">
      <Filter>Source Files</Filter>
    </ClCompile>
    <ClCompile Include="DataSizeProvider.cpp">
      <Filter>Source Files</Filter>
    </ClCompile>
  </ItemGroup>
</Project>